
Microsoft Visual Studio Solution File, Format Version 12.00
# Visual Studio Version 16
VisualStudioVersion = 16.0.30621.155
MinimumVisualStudioVersion = 10.0.40219.1
Project("{FAE04EC0-301F-11D3-BF4B-00C04F79EFBC}") = "KataBowling", "KataBowling.csproj", "{5F6BA14D-9D72-4894-8A16-1D223E9F5634}"
EndProject
Project("{FAE04EC0-301F-11D3-BF4B-00C04F79EFBC}") = "KataBowlingShould", "..\KataBowlingShould\KataBowlingShould.csproj", "{266EBDC7-C334-4328-8982-FDB4D1304D10}"
EndProject
Global
	GlobalSection(SolutionConfigurationPlatforms) = preSolution
		Debug|Any CPU = Debug|Any CPU
		Release|Any CPU = Release|Any CPU
	EndGlobalSection
	GlobalSection(ProjectConfigurationPlatforms) = postSolution
		{5F6BA14D-9D72-4894-8A16-1D223E9F5634}.Debug|Any CPU.ActiveCfg = Debug|Any CPU
		{5F6BA14D-9D72-4894-8A16-1D223E9F5634}.Debug|Any CPU.Build.0 = Debug|Any CPU
		{5F6BA14D-9D72-4894-8A16-1D223E9F5634}.Release|Any CPU.ActiveCfg = Release|Any CPU
		{5F6BA14D-9D72-4894-8A16-1D223E9F5634}.Release|Any CPU.Build.0 = Release|Any CPU
		{266EBDC7-C334-4328-8982-FDB4D1304D10}.Debug|Any CPU.ActiveCfg = Debug|Any CPU
		{266EBDC7-C334-4328-8982-FDB4D1304D10}.Debug|Any CPU.Build.0 = Debug|Any CPU
		{266EBDC7-C334-4328-8982-FDB4D1304D10}.Release|Any CPU.ActiveCfg = Release|Any CPU
		{266EBDC7-C334-4328-8982-FDB4D1304D10}.Release|Any CPU.Build.0 = Release|Any CPU
	EndGlobalSection
	GlobalSection(SolutionProperties) = preSolution
		HideSolutionNode = FALSE
	EndGlobalSection
	GlobalSection(ExtensibilityGlobals) = postSolution
		SolutionGuid = {6A185083-B817-47E9-95BF-67CA378AD76C}
	EndGlobalSection
EndGlobal
